# Pinned Spyre RPM package names, one per line.
# Lines starting with # are ignored.
# Specify exact versions to pin (e.g. ibm-deeptools-1.2.3-1.el8).
# The cache key is derived from this file's hash. Changing any entry
# invalidates the GHA RPM cache and triggers a fresh download.
#
ibm-aiu-toolbox-e2e-2.0.0-0.main.27+27.4f086064.387e659778d0.4f08606.el10
ibm-deeptools-2.0.0-0.master.2241+2241.1be8bc9d.cd53d907cecb.1be8bc9.el10
ibm-deeptools-devel-2.0.0-0.master.2241+2241.1be8bc9d.cd53d907cecb.1be8bc9.el10
ibm-flex-2.0.0-0.main.473+473.f97235a4.fb7a429aa951.f97235a.el10
ibm-flex-devel-2.0.0-0.main.473+473.f97235a4.fb7a429aa951.f97235a.el10
ibm-libaiupti-2.0.0-0.main.18+18.98f7d319.343362a3c051.98f7d31.el10
ibm-senlib-core-2.0.0-0.main.1+235.7f44c00_198.b0115d12dd12.el10
ibm-senlib-dd2-2.0.0-0.main.1+235.7f44c00_198.b0115d12dd12.el10
ibm-senlib-headers-2.0.0-0.main.1+235.7f44c00_198.b0115d12dd12.el10
ibm-spyre-comms-1.0.0-0.main.119+119.fc4c8d14.d5dd27bdb63f.fc4c8d1.el10
ibm-spyre-comms-devel-1.0.0-0.main.119+119.fc4c8d14.d5dd27bdb63f.fc4c8d1.el10
